
Microsoft Visual Studio Solution File, Format Version 12.00
# Visual Studio 15
VisualStudioVersion = 15.0.28307.421
MinimumVisualStudioVersion = 10.0.40219.1
Project("{FAE04EC0-301F-11D3-BF4B-00C04F79EFBC}") = "CoilProduction", "CoilProduction\CoilProduction.csproj", "{2ADEE87B-566A-4B3F-AF9D-E362896D8F4B}"
EndProject
Global
	GlobalSection(SolutionConfigurationPlatforms) = preSolution
		Debug|Any CPU = Debug|Any CPU
		Release|Any CPU = Release|Any CPU
	EndGlobalSection
	GlobalSection(ProjectConfigurationPlatforms) = postSolution
		{2ADEE87B-566A-4B3F-AF9D-E362896D8F4B}.Debug|Any CPU.ActiveCfg = Debug|Any CPU
		{2ADEE87B-566A-4B3F-AF9D-E362896D8F4B}.Debug|Any CPU.Build.0 = Debug|Any CPU
		{2ADEE87B-566A-4B3F-AF9D-E362896D8F4B}.Release|Any CPU.ActiveCfg = Release|Any CPU
		{2ADEE87B-566A-4B3F-AF9D-E362896D8F4B}.Release|Any CPU.Build.0 = Release|Any CPU
	EndGlobalSection
	GlobalSection(SolutionProperties) = preSolution
		HideSolutionNode = FALSE
	EndGlobalSection
	GlobalSection(ExtensibilityGlobals) = postSolution
		SolutionGuid = {3FD30CE0-A8C5-4A2C-B725-ECEEF7B89FF5}
	EndGlobalSection
EndGlobal
